
Microsoft Visual Studio Solution File, Format Version 12.00
# Visual Studio Version 17
VisualStudioVersion = 17.2.32616.157
MinimumVisualStudioVersion = 10.0.40219.1
Project("{FAE04EC0-301F-11D3-BF4B-00C04F79EFBC}") = "Hava_Durumu_Karti_Olusturma", "Hava_Durumu_Karti_Olusturma\Hava_Durumu_Karti_Olusturma.csproj", "{25DFF1DA-8563-46B7-A6CB-F8D21119DAEB}"
EndProject
Global
	GlobalSection(SolutionConfigurationPlatforms) = preSolution
		Debug|Any CPU = Debug|Any CPU
		Release|Any CPU = Release|Any CPU
	EndGlobalSection
	GlobalSection(ProjectConfigurationPlatforms) = postSolution
		{25DFF1DA-8563-46B7-A6CB-F8D21119DAEB}.Debug|Any CPU.ActiveCfg = Debug|Any CPU
		{25DFF1DA-8563-46B7-A6CB-F8D21119DAEB}.Debug|Any CPU.Build.0 = Debug|Any CPU
		{25DFF1DA-8563-46B7-A6CB-F8D21119DAEB}.Release|Any CPU.ActiveCfg = Release|Any CPU
		{25DFF1DA-8563-46B7-A6CB-F8D21119DAEB}.Release|Any CPU.Build.0 = Release|Any CPU
	EndGlobalSection
	GlobalSection(SolutionProperties) = preSolution
		HideSolutionNode = FALSE
	EndGlobalSection
	GlobalSection(ExtensibilityGlobals) = postSolution
		SolutionGuid = {08DA7276-4D49-4DD7-B702-5405C0180C8B}
	EndGlobalSection
EndGlobal
